
Microsoft Visual Studio Solution File, Format Version 12.00
# Visual Studio Version 17
VisualStudioVersion = 17.7.34221.43
MinimumVisualStudioVersion = 10.0.40219.1
Project("{8BC9CEB8-8B4A-11D0-8D11-00A0C91BC942}") = "2.2", "2.2\2.2.vcxproj", "{CBDF6390-08E3-485C-9768-3112D77C861D}"
EndProject
Project("{8BC9CEB8-8B4A-11D0-8D11-00A0C91BC942}") = "UnitTest2.2", "UnitTest2.2\UnitTest2.2.vcxproj", "{ED836C42-977D-4827-816F-F5C986FDB32E}"
EndProject
Global
	GlobalSection(SolutionConfigurationPlatforms) = preSolution
		Debug|x64 = Debug|x64
		Debug|x86 = Debug|x86
		Release|x64 = Release|x64
		Release|x86 = Release|x86
	EndGlobalSection
	GlobalSection(ProjectConfigurationPlatforms) = postSolution
		{CBDF6390-08E3-485C-9768-3112D77C861D}.Debug|x64.ActiveCfg = Debug|x64
		{CBDF6390-08E3-485C-9768-3112D77C861D}.Debug|x64.Build.0 = Debug|x64
		{CBDF6390-08E3-485C-9768-3112D77C861D}.Debug|x86.ActiveCfg = Debug|Win32
		{CBDF6390-08E3-485C-9768-3112D77C861D}.Debug|x86.Build.0 = Debug|Win32
		{CBDF6390-08E3-485C-9768-3112D77C861D}.Release|x64.ActiveCfg = Release|x64
		{CBDF6390-08E3-485C-9768-3112D77C861D}.Release|x64.Build.0 = Release|x64
		{CBDF6390-08E3-485C-9768-3112D77C861D}.Release|x86.ActiveCfg = Release|Win32
		{CBDF6390-08E3-485C-9768-3112D77C861D}.Release|x86.Build.0 = Release|Win32
		{ED836C42-977D-4827-816F-F5C986FDB32E}.Debug|x64.ActiveCfg = Debug|x64
		{ED836C42-977D-4827-816F-F5C986FDB32E}.Debug|x64.Build.0 = Debug|x64
		{ED836C42-977D-4827-816F-F5C986FDB32E}.Debug|x86.ActiveCfg = Debug|Win32
		{ED836C42-977D-4827-816F-F5C986FDB32E}.Debug|x86.Build.0 = Debug|Win32
		{ED836C42-977D-4827-816F-F5C986FDB32E}.Release|x64.ActiveCfg = Release|x64
		{ED836C42-977D-4827-816F-F5C986FDB32E}.Release|x64.Build.0 = Release|x64
		{ED836C42-977D-4827-816F-F5C986FDB32E}.Release|x86.ActiveCfg = Release|Win32
		{ED836C42-977D-4827-816F-F5C986FDB32E}.Release|x86.Build.0 = Release|Win32
	EndGlobalSection
	GlobalSection(SolutionProperties) = preSolution
		HideSolutionNode = FALSE
	EndGlobalSection
	GlobalSection(ExtensibilityGlobals) = postSolution
		SolutionGuid = {821D0B26-8615-49D6-8238-1B1829174FF1}
	EndGlobalSection
EndGlobal
